
Microsoft Visual Studio Solution File, Format Version 12.00
# Visual Studio Version 17
VisualStudioVersion = 17.13.36105.23 d17.13
MinimumVisualStudioVersion = 10.0.40219.1
Project("{FAE04EC0-301F-11D3-BF4B-00C04F79EFBC}") = "BookingAgent", "BookingAgent.csproj", "{FDCB967F-06DF-4E58-9CBE-215D6327D1AC}"
EndProject
Global
	GlobalSection(SolutionConfigurationPlatforms) = preSolution
		Debug|Any CPU = Debug|Any CPU
		Release|Any CPU = Release|Any CPU
	EndGlobalSection
	GlobalSection(ProjectConfigurationPlatforms) = postSolution
		{FDCB967F-06DF-4E58-9CBE-215D6327D1AC}.Debug|Any CPU.ActiveCfg = Debug|Any CPU
		{FDCB967F-06DF-4E58-9CBE-215D6327D1AC}.Debug|Any CPU.Build.0 = Debug|Any CPU
		{FDCB967F-06DF-4E58-9CBE-215D6327D1AC}.Release|Any CPU.ActiveCfg = Release|Any CPU
		{FDCB967F-06DF-4E58-9CBE-215D6327D1AC}.Release|Any CPU.Build.0 = Release|Any CPU
	EndGlobalSection
	GlobalSection(SolutionProperties) = preSolution
		HideSolutionNode = FALSE
	EndGlobalSection
	GlobalSection(ExtensibilityGlobals) = postSolution
		SolutionGuid = {3E39E457-561F-44D8-915A-91E22E873584}
	EndGlobalSection
EndGlobal
